
Microsoft Visual Studio Solution File, Format Version 12.00
# Visual Studio Version 17
VisualStudioVersion = 17.13.35806.99 d17.13
MinimumVisualStudioVersion = 10.0.40219.1
Project("{FAE04EC0-301F-11D3-BF4B-00C04F79EFBC}") = "Shemsh", "Shemsh\Shemsh.csproj", "{128DD4F0-929E-493A-B156-C539C4994318}"
EndProject
Project("{FAE04EC0-301F-11D3-BF4B-00C04F79EFBC}") = "Domain", "Domain\Domain.csproj", "{269BD9AB-5B3A-4FDE-AF27-5D197F4BB12B}"
EndProject
Project("{FAE04EC0-301F-11D3-BF4B-00C04F79EFBC}") = "Application", "Application\Application.csproj", "{16C38B91-22FE-4D28-8746-90CCE3EA6DF2}"
EndProject
Project("{FAE04EC0-301F-11D3-BF4B-00C04F79EFBC}") = "Infrastructure", "Infrastructure\Infrastructure.csproj", "{72FC4ECD-5BA1-458D-A74C-8EDBD036C172}"
EndProject
Global
	GlobalSection(SolutionConfigurationPlatforms) = preSolution
		Debug|Any CPU = Debug|Any CPU
		Release|Any CPU = Release|Any CPU
	EndGlobalSection
	GlobalSection(ProjectConfigurationPlatforms) = postSolution
		{128DD4F0-929E-493A-B156-C539C4994318}.Debug|Any CPU.ActiveCfg = Debug|Any CPU
		{128DD4F0-929E-493A-B156-C539C4994318}.Debug|Any CPU.Build.0 = Debug|Any CPU
		{128DD4F0-929E-493A-B156-C539C4994318}.Release|Any CPU.ActiveCfg = Release|Any CPU
		{128DD4F0-929E-493A-B156-C539C4994318}.Release|Any CPU.Build.0 = Release|Any CPU
		{269BD9AB-5B3A-4FDE-AF27-5D197F4BB12B}.Debug|Any CPU.ActiveCfg = Debug|Any CPU
		{269BD9AB-5B3A-4FDE-AF27-5D197F4BB12B}.Debug|Any CPU.Build.0 = Debug|Any CPU
		{269BD9AB-5B3A-4FDE-AF27-5D197F4BB12B}.Release|Any CPU.ActiveCfg = Release|Any CPU
		{269BD9AB-5B3A-4FDE-AF27-5D197F4BB12B}.Release|Any CPU.Build.0 = Release|Any CPU
		{16C38B91-22FE-4D28-8746-90CCE3EA6DF2}.Debug|Any CPU.ActiveCfg = Debug|Any CPU
		{16C38B91-22FE-4D28-8746-90CCE3EA6DF2}.Debug|Any CPU.Build.0 = Debug|Any CPU
		{16C38B91-22FE-4D28-8746-90CCE3EA6DF2}.Release|Any CPU.ActiveCfg = Release|Any CPU
		{16C38B91-22FE-4D28-8746-90CCE3EA6DF2}.Release|Any CPU.Build.0 = Release|Any CPU
		{72FC4ECD-5BA1-458D-A74C-8EDBD036C172}.Debug|Any CPU.ActiveCfg = Debug|Any CPU
		{72FC4ECD-5BA1-458D-A74C-8EDBD036C172}.Debug|Any CPU.Build.0 = Debug|Any CPU
		{72FC4ECD-5BA1-458D-A74C-8EDBD036C172}.Release|Any CPU.ActiveCfg = Release|Any CPU
		{72FC4ECD-5BA1-458D-A74C-8EDBD036C172}.Release|Any CPU.Build.0 = Release|Any CPU
	EndGlobalSection
	GlobalSection(SolutionProperties) = preSolution
		HideSolutionNode = FALSE
	EndGlobalSection
	GlobalSection(ExtensibilityGlobals) = postSolution
		SolutionGuid = {1296CD73-B934-4E47-90CF-09B33F477FAA}
	EndGlobalSection
EndGlobal
